
Microsoft Visual Studio Solution File, Format Version 12.00
# Visual Studio Version 17
VisualStudioVersion = 17.0.32014.148
MinimumVisualStudioVersion = 10.0.40219.1
Project("{8BC9CEB8-8B4A-11D0-8D11-00A0C91BC942}") = "bif", "bif.vcxproj", "{5FC21A08-0798-43F8-B413-E57118D3CF94}"
EndProject
Global
	GlobalSection(SolutionConfigurationPlatforms) = preSolution
		Debug|x64 = Debug|x64
		Debug|x86 = Debug|x86
		Release|x64 = Release|x64
		Release|x86 = Release|x86
	EndGlobalSection
	GlobalSection(ProjectConfigurationPlatforms) = postSolution
		{5FC21A08-0798-43F8-B413-E57118D3CF94}.Debug|x64.ActiveCfg = Debug|x64
		{5FC21A08-0798-43F8-B413-E57118D3CF94}.Debug|x64.Build.0 = Debug|x64
		{5FC21A08-0798-43F8-B413-E57118D3CF94}.Debug|x86.ActiveCfg = Debug|Win32
		{5FC21A08-0798-43F8-B413-E57118D3CF94}.Debug|x86.Build.0 = Debug|Win32
		{5FC21A08-0798-43F8-B413-E57118D3CF94}.Release|x64.ActiveCfg = Release|x64
		{5FC21A08-0798-43F8-B413-E57118D3CF94}.Release|x64.Build.0 = Release|x64
		{5FC21A08-0798-43F8-B413-E57118D3CF94}.Release|x86.ActiveCfg = Release|Win32
		{5FC21A08-0798-43F8-B413-E57118D3CF94}.Release|x86.Build.0 = Release|Win32
	EndGlobalSection
	GlobalSection(SolutionProperties) = preSolution
		HideSolutionNode = FALSE
	EndGlobalSection
	GlobalSection(ExtensibilityGlobals) = postSolution
		SolutionGuid = {73A6A958-E311-4B99-B6B4-332BE46FA165}
	EndGlobalSection
EndGlobal
